
Microsoft Visual Studio Solution File, Format Version 12.00
# Visual Studio Version 16
VisualStudioVersion = 16.0.30114.105
MinimumVisualStudioVersion = 10.0.40219.1
Project("{2150E333-8FDC-42A3-9474-1A3956D46DE8}") = "Domain", "Domain", "{86426C2C-8636-43B3-B571-0E019D1CD50E}"
EndProject
Project("{2150E333-8FDC-42A3-9474-1A3956D46DE8}") = "Infrastrcutre.IoC", "Infrastrcutre.IoC", "{11A56A6F-976B-4514-BC0E-0F165B6FEB58}"
EndProject
Project("{2150E333-8FDC-42A3-9474-1A3956D46DE8}") = "Infrastrcutre.Bus", "Infrastrcutre.Bus", "{A024E741-98FA-4515-B8B4-54F9FC5C6585}"
EndProject
Project("{2150E333-8FDC-42A3-9474-1A3956D46DE8}") = "Microservices", "Microservices", "{061EDCE7-D0D0-4897-ADA3-B78A1122F8E1}"
EndProject
Project("{2150E333-8FDC-42A3-9474-1A3956D46DE8}") = "Presentation", "Presentation", "{F37E1E23-8B35-4C9F-A3AC-C892361C01CA}"
EndProject
Global
	GlobalSection(SolutionProperties) = preSolution
		HideSolutionNode = FALSE
	EndGlobalSection
	GlobalSection(ExtensibilityGlobals) = postSolution
		SolutionGuid = {C7D01B39-A5F0-4EA3-87B3-44E87879A90C}
	EndGlobalSection
EndGlobal
